
Microsoft Visual Studio Solution File, Format Version 12.00
# Visual Studio Version 17
VisualStudioVersion = 17.11.35303.130
MinimumVisualStudioVersion = 10.0.40219.1
Project("{9A19103F-16F7-4668-BE54-9A1E7A4F7556}") = "web_api_using_crud_with_swagger", "web_api_using_crud_with_swagger.csproj", "{230C5C27-F051-406F-A44B-F44FCA0D713C}"
EndProject
Global
	GlobalSection(SolutionConfigurationPlatforms) = preSolution
		Debug|Any CPU = Debug|Any CPU
		Release|Any CPU = Release|Any CPU
	EndGlobalSection
	GlobalSection(ProjectConfigurationPlatforms) = postSolution
		{230C5C27-F051-406F-A44B-F44FCA0D713C}.Debug|Any CPU.ActiveCfg = Debug|Any CPU
		{230C5C27-F051-406F-A44B-F44FCA0D713C}.Debug|Any CPU.Build.0 = Debug|Any CPU
		{230C5C27-F051-406F-A44B-F44FCA0D713C}.Release|Any CPU.ActiveCfg = Release|Any CPU
		{230C5C27-F051-406F-A44B-F44FCA0D713C}.Release|Any CPU.Build.0 = Release|Any CPU
	EndGlobalSection
	GlobalSection(SolutionProperties) = preSolution
		HideSolutionNode = FALSE
	EndGlobalSection
	GlobalSection(ExtensibilityGlobals) = postSolution
		SolutionGuid = {F5E8A741-74D9-4594-8AAD-16CE4969351B}
	EndGlobalSection
EndGlobal
